
Microsoft Visual Studio Solution File, Format Version 12.00
# Visual Studio Version 17
VisualStudioVersion = 17.14.36518.9 d17.14
MinimumVisualStudioVersion = 10.0.40219.1
Project("{FAE04EC0-301F-11D3-BF4B-00C04F79EFBC}") = "1150080162_TranThiCamTu_LAP2", "1150080162_TranThiCamTu_LAP2\1150080162_TranThiCamTu_LAP2.csproj", "{584B130B-D334-439D-928E-CBECD5E68468}"
EndProject
Global
	GlobalSection(SolutionConfigurationPlatforms) = preSolution
		Debug|Any CPU = Debug|Any CPU
		Release|Any CPU = Release|Any CPU
	EndGlobalSection
	GlobalSection(ProjectConfigurationPlatforms) = postSolution
		{584B130B-D334-439D-928E-CBECD5E68468}.Debug|Any CPU.ActiveCfg = Debug|Any CPU
		{584B130B-D334-439D-928E-CBECD5E68468}.Debug|Any CPU.Build.0 = Debug|Any CPU
		{584B130B-D334-439D-928E-CBECD5E68468}.Release|Any CPU.ActiveCfg = Release|Any CPU
		{584B130B-D334-439D-928E-CBECD5E68468}.Release|Any CPU.Build.0 = Release|Any CPU
	EndGlobalSection
	GlobalSection(SolutionProperties) = preSolution
		HideSolutionNode = FALSE
	EndGlobalSection
	GlobalSection(ExtensibilityGlobals) = postSolution
		SolutionGuid = {36B4C8C1-FF73-408B-9AC6-488423DA8FA6}
	EndGlobalSection
EndGlobal
